# This file is automatically @generated by Poetry 1.8.2 and should not be changed by hand.

[[package]]
name = "pvrecorder"
version = "1.2.2"
description = "Recorder library for Picovoice."
optional = false
python-versions = ">=3.5"
files = [
    {file = "pvrecorder-1.2.2-py3-none-any.whl", hash = "sha256:6ac2fd7ddc74fadd097ef538a3556da1bb540d7f039a8e43dccfbf8c015a9bb1"},
    {file = "pvrecorder-1.2.2.tar.gz", hash = "sha256:11ee421fbf764d73f1503c6047f159ff46329bb7fa2f0ace7aa2eb423d8838ce"},
]

[metadata]
lock-version = "2.0"
python-versions = "^3.11"
content-hash = "58e6f6e7524eff89650a91736ce03902eeedd6b5d88814927ee78ed25c352225"
